
Microsoft Visual Studio Solution File, Format Version 11.00
# Visual Studio 2010
Project("{FAE04EC0-301F-11D3-BF4B-00C04F79EFBC}") = "UASPemLan_2103040144", "UASPemLan_2103040144\UASPemLan_2103040144.csproj", "{2DFAE7E3-6787-42B7-94DA-CA03378C342D}"
EndProject
Global
	GlobalSection(SolutionConfigurationPlatforms) = preSolution
		Debug|Any CPU = Debug|Any CPU
		Release|Any CPU = Release|Any CPU
	EndGlobalSection
	GlobalSection(ProjectConfigurationPlatforms) = postSolution
		{2DFAE7E3-6787-42B7-94DA-CA03378C342D}.Debug|Any CPU.ActiveCfg = Debug|Any CPU
		{2DFAE7E3-6787-42B7-94DA-CA03378C342D}.Debug|Any CPU.Build.0 = Debug|Any CPU
		{2DFAE7E3-6787-42B7-94DA-CA03378C342D}.Release|Any CPU.ActiveCfg = Release|Any CPU
		{2DFAE7E3-6787-42B7-94DA-CA03378C342D}.Release|Any CPU.Build.0 = Release|Any CPU
	EndGlobalSection
	GlobalSection(SolutionProperties) = preSolution
		HideSolutionNode = FALSE
	EndGlobalSection
EndGlobal
